
Microsoft Visual Studio Solution File, Format Version 12.00
# Visual Studio Version 17
VisualStudioVersion = 17.2.32616.157
MinimumVisualStudioVersion = 10.0.40219.1
Project("{FAE04EC0-301F-11D3-BF4B-00C04F79EFBC}") = "OperatorExercise", "OperatorExercise\OperatorExercise.csproj", "{F647502B-1277-4CBC-A9B1-2B3BC418031D}"
EndProject
Global
	GlobalSection(SolutionConfigurationPlatforms) = preSolution
		Debug|Any CPU = Debug|Any CPU
		Release|Any CPU = Release|Any CPU
	EndGlobalSection
	GlobalSection(ProjectConfigurationPlatforms) = postSolution
		{F647502B-1277-4CBC-A9B1-2B3BC418031D}.Debug|Any CPU.ActiveCfg = Debug|Any CPU
		{F647502B-1277-4CBC-A9B1-2B3BC418031D}.Debug|Any CPU.Build.0 = Debug|Any CPU
		{F647502B-1277-4CBC-A9B1-2B3BC418031D}.Release|Any CPU.ActiveCfg = Release|Any CPU
		{F647502B-1277-4CBC-A9B1-2B3BC418031D}.Release|Any CPU.Build.0 = Release|Any CPU
	EndGlobalSection
	GlobalSection(SolutionProperties) = preSolution
		HideSolutionNode = FALSE
	EndGlobalSection
	GlobalSection(ExtensibilityGlobals) = postSolution
		SolutionGuid = {6C9D7782-7AC4-498D-9BCC-9DE9B2BA80EE}
	EndGlobalSection
EndGlobal
